---
http_interactions:
- request:
    method: put
    uri: http://backend:5352/source/home:user_1/_meta?user=user_1
    body:
      encoding: UTF-8
      string: |
        <project name="home:user_1">
          <title/>
          <description/>
          <person userid="user_1" role="maintainer"/>
        </project>
    headers:
      Accept-Encoding:
      - gzip;q=1.0,deflate;q=0.6,identity;q=0.3
      Accept:
      - "*/*"
      User-Agent:
      - Ruby
  response:
    status:
      code: 200
      message: OK
    headers:
      Content-Type:
      - text/xml
      Cache-Control:
      - no-cache
      Connection:
      - close
      Content-Length:
      - '134'
    body:
      encoding: UTF-8
      string: |
        <project name="home:user_1">
          <title></title>
          <description></description>
          <person userid="user_1" role="maintainer"/>
        </project>
  recorded_at: Tue, 22 Jun 2021 11:08:06 GMT
- request:
    method: put
    uri: http://backend:5352/source/home:Jane/_meta?user=Jane
    body:
      encoding: UTF-8
      string: |
        <project name="home:Jane">
          <title/>
          <description/>
          <person userid="Jane" role="maintainer"/>
        </project>
    headers:
      Accept-Encoding:
      - gzip;q=1.0,deflate;q=0.6,identity;q=0.3
      Accept:
      - "*/*"
      User-Agent:
      - Ruby
  response:
    status:
      code: 200
      message: OK
    headers:
      Content-Type:
      - text/xml
      Cache-Control:
      - no-cache
      Connection:
      - close
      Content-Length:
      - '130'
    body:
      encoding: UTF-8
      string: |
        <project name="home:Jane">
          <title></title>
          <description></description>
          <person userid="Jane" role="maintainer"/>
        </project>
  recorded_at: Tue, 22 Jun 2021 11:08:06 GMT
- request:
    method: put
    uri: http://backend:5352/source/locked_project/_meta?user=user_2
    body:
      encoding: UTF-8
      string: |
        <project name="locked_project">
          <title>In a Glass Darkly</title>
          <description/>
        </project>
    headers:
      Accept-Encoding:
      - gzip;q=1.0,deflate;q=0.6,identity;q=0.3
      Accept:
      - "*/*"
      User-Agent:
      - Ruby
  response:
    status:
      code: 200
      message: OK
    headers:
      Content-Type:
      - text/xml
      Cache-Control:
      - no-cache
      Connection:
      - close
      Content-Length:
      - '108'
    body:
      encoding: UTF-8
      string: |
        <project name="locked_project">
          <title>In a Glass Darkly</title>
          <description></description>
        </project>
  recorded_at: Tue, 22 Jun 2021 11:08:06 GMT
- request:
    method: get
    uri: http://backend:5352/build/locked_project/_result?code=unresolvable&view=status
    body:
      encoding: US-ASCII
      string: ''
    headers:
      X-Request-Id:
      - 45f7950f-9f7c-4364-be82-027c35b8a25e
      Accept-Encoding:
      - gzip;q=1.0,deflate;q=0.6,identity;q=0.3
      Accept:
      - "*/*"
      User-Agent:
      - Ruby
  response:
    status:
      code: 200
      message: OK
    headers:
      Content-Type:
      - text/xml
      Cache-Control:
      - no-cache
      Connection:
      - close
      Content-Length:
      - '55'
    body:
      encoding: UTF-8
      string: '<resultlist state="00000000000000000000000000000000"/>

'
  recorded_at: Tue, 22 Jun 2021 11:08:13 GMT
- request:
    method: get
    uri: http://backend:5352/build/locked_project/_result?view=summary
    body:
      encoding: US-ASCII
      string: ''
    headers:
      X-Request-Id:
      - 05b80acf-b1e9-4cb3-9ee6-cb65221a3f4f
      Accept-Encoding:
      - gzip;q=1.0,deflate;q=0.6,identity;q=0.3
      Accept:
      - "*/*"
      User-Agent:
      - Ruby
  response:
    status:
      code: 200
      message: OK
    headers:
      Content-Type:
      - text/xml
      Cache-Control:
      - no-cache
      Connection:
      - close
      Content-Length:
      - '55'
    body:
      encoding: UTF-8
      string: '<resultlist state="00000000000000000000000000000000"/>

'
  recorded_at: Tue, 22 Jun 2021 11:08:13 GMT
- request:
    method: get
    uri: http://backend:5352/build/locked_project/_result?code=unresolvable&view=status
    body:
      encoding: US-ASCII
      string: ''
    headers:
      X-Request-Id:
      - 917fe74e-b95a-4c56-ba99-37d13083d07b
      Accept-Encoding:
      - gzip;q=1.0,deflate;q=0.6,identity;q=0.3
      Accept:
      - "*/*"
      User-Agent:
      - Ruby
  response:
    status:
      code: 200
      message: OK
    headers:
      Content-Type:
      - text/xml
      Cache-Control:
      - no-cache
      Connection:
      - close
      Content-Length:
      - '55'
    body:
      encoding: UTF-8
      string: '<resultlist state="00000000000000000000000000000000"/>

'
  recorded_at: Tue, 22 Jun 2021 11:08:14 GMT
- request:
    method: get
    uri: http://backend:5352/build/locked_project/_result?code=unresolvable&view=status
    body:
      encoding: US-ASCII
      string: ''
    headers:
      X-Request-Id:
      - '00061129-8732-4c41-b8d8-6530aa283af9'
      Accept-Encoding:
      - gzip;q=1.0,deflate;q=0.6,identity;q=0.3
      Accept:
      - "*/*"
      User-Agent:
      - Ruby
  response:
    status:
      code: 200
      message: OK
    headers:
      Content-Type:
      - text/xml
      Cache-Control:
      - no-cache
      Connection:
      - close
      Content-Length:
      - '55'
    body:
      encoding: UTF-8
      string: '<resultlist state="00000000000000000000000000000000"/>

'
  recorded_at: Tue, 22 Jun 2021 11:08:14 GMT
- request:
    method: get
    uri: http://backend:5352/build/locked_project/_result?view=summary
    body:
      encoding: US-ASCII
      string: ''
    headers:
      X-Request-Id:
      - a217a455-639e-46b1-86a6-ac6a5e6a3753
      Accept-Encoding:
      - gzip;q=1.0,deflate;q=0.6,identity;q=0.3
      Accept:
      - "*/*"
      User-Agent:
      - Ruby
  response:
    status:
      code: 200
      message: OK
    headers:
      Content-Type:
      - text/xml
      Cache-Control:
      - no-cache
      Connection:
      - close
      Content-Length:
      - '55'
    body:
      encoding: UTF-8
      string: '<resultlist state="00000000000000000000000000000000"/>

'
  recorded_at: Tue, 22 Jun 2021 11:08:14 GMT
- request:
    method: get
    uri: http://backend:5352/build/locked_project/_result?code=unresolvable&view=status
    body:
      encoding: US-ASCII
      string: ''
    headers:
      X-Request-Id:
      - e373b9e6-39eb-43d4-bbec-234d06baafc8
      Accept-Encoding:
      - gzip;q=1.0,deflate;q=0.6,identity;q=0.3
      Accept:
      - "*/*"
      User-Agent:
      - Ruby
  response:
    status:
      code: 200
      message: OK
    headers:
      Content-Type:
      - text/xml
      Cache-Control:
      - no-cache
      Connection:
      - close
      Content-Length:
      - '55'
    body:
      encoding: UTF-8
      string: '<resultlist state="00000000000000000000000000000000"/>

'
  recorded_at: Tue, 22 Jun 2021 11:08:14 GMT
- request:
    method: get
    uri: http://backend:5352/build/locked_project/_result?code=unresolvable&view=status
    body:
      encoding: US-ASCII
      string: ''
    headers:
      X-Request-Id:
      - 4793cda3-b547-4771-acd2-54ca245744b7
      Accept-Encoding:
      - gzip;q=1.0,deflate;q=0.6,identity;q=0.3
      Accept:
      - "*/*"
      User-Agent:
      - Ruby
  response:
    status:
      code: 200
      message: OK
    headers:
      Content-Type:
      - text/xml
      Cache-Control:
      - no-cache
      Connection:
      - close
      Content-Length:
      - '55'
    body:
      encoding: UTF-8
      string: '<resultlist state="00000000000000000000000000000000"/>

'
  recorded_at: Tue, 22 Jun 2021 11:08:14 GMT
- request:
    method: get
    uri: http://backend:5352/build/locked_project/_result?view=summary
    body:
      encoding: US-ASCII
      string: ''
    headers:
      X-Request-Id:
      - 4693b521-27eb-45d4-ad9a-149d143ca83a
      Accept-Encoding:
      - gzip;q=1.0,deflate;q=0.6,identity;q=0.3
      Accept:
      - "*/*"
      User-Agent:
      - Ruby
  response:
    status:
      code: 200
      message: OK
    headers:
      Content-Type:
      - text/xml
      Cache-Control:
      - no-cache
      Connection:
      - close
      Content-Length:
      - '55'
    body:
      encoding: UTF-8
      string: '<resultlist state="00000000000000000000000000000000"/>

'
  recorded_at: Tue, 22 Jun 2021 11:08:14 GMT
- request:
    method: get
    uri: http://backend:5352/build/locked_project/_result?code=unresolvable&view=status
    body:
      encoding: US-ASCII
      string: ''
    headers:
      X-Request-Id:
      - 3e986a65-a2e8-4dda-bb04-b755727eb45f
      Accept-Encoding:
      - gzip;q=1.0,deflate;q=0.6,identity;q=0.3
      Accept:
      - "*/*"
      User-Agent:
      - Ruby
  response:
    status:
      code: 200
      message: OK
    headers:
      Content-Type:
      - text/xml
      Cache-Control:
      - no-cache
      Connection:
      - close
      Content-Length:
      - '55'
    body:
      encoding: UTF-8
      string: '<resultlist state="00000000000000000000000000000000"/>

'
  recorded_at: Tue, 22 Jun 2021 11:08:15 GMT
recorded_with: VCR 6.0.0
