---
http_interactions:
- request:
    method: put
    uri: http://backend:5352/source/home:user_81/_meta?user=user_81
    body:
      encoding: UTF-8
      string: |
        <project name="home:user_81">
          <title/>
          <description/>
          <person userid="user_81" role="maintainer"/>
        </project>
    headers:
      Accept-Encoding:
      - gzip;q=1.0,deflate;q=0.6,identity;q=0.3
      Accept:
      - "*/*"
      User-Agent:
      - Ruby
  response:
    status:
      code: 200
      message: OK
    headers:
      Content-Type:
      - text/xml
      Cache-Control:
      - no-cache
      Connection:
      - close
      Content-Length:
      - '136'
    body:
      encoding: UTF-8
      string: |
        <project name="home:user_81">
          <title></title>
          <description></description>
          <person userid="user_81" role="maintainer"/>
        </project>
  recorded_at: Thu, 01 Aug 2024 17:04:37 GMT
- request:
    method: put
    uri: http://backend:5352/source/home:Jane/_meta?user=Jane
    body:
      encoding: UTF-8
      string: |
        <project name="home:Jane">
          <title/>
          <description/>
          <person userid="Jane" role="maintainer"/>
        </project>
    headers:
      Accept-Encoding:
      - gzip;q=1.0,deflate;q=0.6,identity;q=0.3
      Accept:
      - "*/*"
      User-Agent:
      - Ruby
  response:
    status:
      code: 200
      message: OK
    headers:
      Content-Type:
      - text/xml
      Cache-Control:
      - no-cache
      Connection:
      - close
      Content-Length:
      - '130'
    body:
      encoding: UTF-8
      string: |
        <project name="home:Jane">
          <title></title>
          <description></description>
          <person userid="Jane" role="maintainer"/>
        </project>
  recorded_at: Thu, 01 Aug 2024 17:04:37 GMT
- request:
    method: put
    uri: http://backend:5352/source/locked_project/_meta?user=user_82
    body:
      encoding: UTF-8
      string: |
        <project name="locked_project">
          <title>A Swiftly Tilting Planet</title>
          <description/>
        </project>
    headers:
      Accept-Encoding:
      - gzip;q=1.0,deflate;q=0.6,identity;q=0.3
      Accept:
      - "*/*"
      User-Agent:
      - Ruby
  response:
    status:
      code: 200
      message: OK
    headers:
      Content-Type:
      - text/xml
      Cache-Control:
      - no-cache
      Connection:
      - close
      Content-Length:
      - '115'
    body:
      encoding: UTF-8
      string: |
        <project name="locked_project">
          <title>A Swiftly Tilting Planet</title>
          <description></description>
        </project>
  recorded_at: Thu, 01 Aug 2024 17:04:37 GMT
- request:
    method: get
    uri: http://backend:5352/build/locked_project/_result?code=unresolvable&view=status
    body:
      encoding: US-ASCII
      string: ''
    headers:
      X-Request-Id:
      - 126d62ca-1ec6-49fc-b68d-be696db97756
      Accept-Encoding:
      - gzip;q=1.0,deflate;q=0.6,identity;q=0.3
      Accept:
      - "*/*"
      User-Agent:
      - Ruby
  response:
    status:
      code: 200
      message: OK
    headers:
      Content-Type:
      - text/xml
      Cache-Control:
      - no-cache
      Connection:
      - close
      Content-Length:
      - '55'
    body:
      encoding: UTF-8
      string: '<resultlist state="00000000000000000000000000000000"/>

'
  recorded_at: Thu, 01 Aug 2024 17:04:38 GMT
- request:
    method: get
    uri: http://backend:5352/build/locked_project/_result?view=summary
    body:
      encoding: US-ASCII
      string: ''
    headers:
      X-Request-Id:
      - 413dace5-56c1-4e5a-ab3c-eae5ef68aa44
      Accept-Encoding:
      - gzip;q=1.0,deflate;q=0.6,identity;q=0.3
      Accept:
      - "*/*"
      User-Agent:
      - Ruby
  response:
    status:
      code: 200
      message: OK
    headers:
      Content-Type:
      - text/xml
      Cache-Control:
      - no-cache
      Connection:
      - close
      Content-Length:
      - '55'
    body:
      encoding: UTF-8
      string: '<resultlist state="00000000000000000000000000000000"/>

'
  recorded_at: Thu, 01 Aug 2024 17:04:38 GMT
- request:
    method: get
    uri: http://backend:5352/build/locked_project/_result?code=unresolvable&view=status
    body:
      encoding: US-ASCII
      string: ''
    headers:
      X-Request-Id:
      - 164a0fdb-56c9-4399-8d34-acf22547eb39
      Accept-Encoding:
      - gzip;q=1.0,deflate;q=0.6,identity;q=0.3
      Accept:
      - "*/*"
      User-Agent:
      - Ruby
  response:
    status:
      code: 200
      message: OK
    headers:
      Content-Type:
      - text/xml
      Cache-Control:
      - no-cache
      Connection:
      - close
      Content-Length:
      - '55'
    body:
      encoding: UTF-8
      string: '<resultlist state="00000000000000000000000000000000"/>

'
  recorded_at: Thu, 01 Aug 2024 17:04:38 GMT
- request:
    method: get
    uri: http://backend:5352/build/locked_project/_result?view=summary
    body:
      encoding: US-ASCII
      string: ''
    headers:
      X-Request-Id:
      - 6b5cedad-bd10-4cf8-8953-3d206739c3c2
      Accept-Encoding:
      - gzip;q=1.0,deflate;q=0.6,identity;q=0.3
      Accept:
      - "*/*"
      User-Agent:
      - Ruby
  response:
    status:
      code: 200
      message: OK
    headers:
      Content-Type:
      - text/xml
      Cache-Control:
      - no-cache
      Connection:
      - close
      Content-Length:
      - '55'
    body:
      encoding: UTF-8
      string: '<resultlist state="00000000000000000000000000000000"/>

'
  recorded_at: Thu, 01 Aug 2024 17:04:39 GMT
- request:
    method: get
    uri: http://backend:5352/build/locked_project/_result?code=unresolvable&view=status
    body:
      encoding: US-ASCII
      string: ''
    headers:
      X-Request-Id:
      - b9354d9a-572d-44f4-938f-2044f102fc6e
      Accept-Encoding:
      - gzip;q=1.0,deflate;q=0.6,identity;q=0.3
      Accept:
      - "*/*"
      User-Agent:
      - Ruby
  response:
    status:
      code: 200
      message: OK
    headers:
      Content-Type:
      - text/xml
      Cache-Control:
      - no-cache
      Connection:
      - close
      Content-Length:
      - '55'
    body:
      encoding: UTF-8
      string: '<resultlist state="00000000000000000000000000000000"/>

'
  recorded_at: Thu, 01 Aug 2024 17:04:39 GMT
- request:
    method: get
    uri: http://backend:5352/build/locked_project/_result?view=summary
    body:
      encoding: US-ASCII
      string: ''
    headers:
      X-Request-Id:
      - 84bc64d2-4d58-4657-b415-718064b0f452
      Accept-Encoding:
      - gzip;q=1.0,deflate;q=0.6,identity;q=0.3
      Accept:
      - "*/*"
      User-Agent:
      - Ruby
  response:
    status:
      code: 200
      message: OK
    headers:
      Content-Type:
      - text/xml
      Cache-Control:
      - no-cache
      Connection:
      - close
      Content-Length:
      - '55'
    body:
      encoding: UTF-8
      string: '<resultlist state="00000000000000000000000000000000"/>

'
  recorded_at: Thu, 01 Aug 2024 17:04:39 GMT
recorded_with: VCR 6.2.0
