---
http_interactions:
- request:
    method: put
    uri: http://backend:5352/source/home:user_1/_meta?user=user_1
    body:
      encoding: UTF-8
      string: |
        <project name="home:user_1">
          <title/>
          <description/>
          <person userid="user_1" role="maintainer"/>
        </project>
    headers:
      Accept-Encoding:
      - gzip;q=1.0,deflate;q=0.6,identity;q=0.3
      Accept:
      - "*/*"
      User-Agent:
      - Ruby
  response:
    status:
      code: 200
      message: OK
    headers:
      Content-Type:
      - text/xml
      Cache-Control:
      - no-cache
      Connection:
      - close
      Content-Length:
      - '134'
    body:
      encoding: UTF-8
      string: |
        <project name="home:user_1">
          <title></title>
          <description></description>
          <person userid="user_1" role="maintainer"/>
        </project>
  recorded_at: Mon, 22 May 2023 16:03:22 GMT
- request:
    method: put
    uri: http://backend:5352/source/home:Jane/_meta?user=Jane
    body:
      encoding: UTF-8
      string: |
        <project name="home:Jane">
          <title/>
          <description/>
          <person userid="Jane" role="maintainer"/>
        </project>
    headers:
      Accept-Encoding:
      - gzip;q=1.0,deflate;q=0.6,identity;q=0.3
      Accept:
      - "*/*"
      User-Agent:
      - Ruby
  response:
    status:
      code: 200
      message: OK
    headers:
      Content-Type:
      - text/xml
      Cache-Control:
      - no-cache
      Connection:
      - close
      Content-Length:
      - '130'
    body:
      encoding: UTF-8
      string: |
        <project name="home:Jane">
          <title></title>
          <description></description>
          <person userid="Jane" role="maintainer"/>
        </project>
  recorded_at: Mon, 22 May 2023 16:03:23 GMT
- request:
    method: put
    uri: http://backend:5352/source/locked_project/_meta?user=user_2
    body:
      encoding: UTF-8
      string: |
        <project name="locked_project">
          <title>Those Barren Leaves, Thrones, Dominations</title>
          <description/>
        </project>
    headers:
      Accept-Encoding:
      - gzip;q=1.0,deflate;q=0.6,identity;q=0.3
      Accept:
      - "*/*"
      User-Agent:
      - Ruby
  response:
    status:
      code: 200
      message: OK
    headers:
      Content-Type:
      - text/xml
      Cache-Control:
      - no-cache
      Connection:
      - close
      Content-Length:
      - '132'
    body:
      encoding: UTF-8
      string: |
        <project name="locked_project">
          <title>Those Barren Leaves, Thrones, Dominations</title>
          <description></description>
        </project>
  recorded_at: Mon, 22 May 2023 16:03:23 GMT
- request:
    method: get
    uri: http://backend:5352/build/locked_project/_result?code=unresolvable&view=status
    body:
      encoding: US-ASCII
      string: ''
    headers:
      X-Request-Id:
      - c28da076-2bdb-4d3b-8a7a-e6e1cf0e1e63
      Accept-Encoding:
      - gzip;q=1.0,deflate;q=0.6,identity;q=0.3
      Accept:
      - "*/*"
      User-Agent:
      - Ruby
  response:
    status:
      code: 200
      message: OK
    headers:
      Content-Type:
      - text/xml
      Cache-Control:
      - no-cache
      Connection:
      - close
      Content-Length:
      - '55'
    body:
      encoding: UTF-8
      string: '<resultlist state="00000000000000000000000000000000"/>

'
  recorded_at: Mon, 22 May 2023 16:03:27 GMT
- request:
    method: get
    uri: http://backend:5352/source/locked_project/_keyinfo?donotcreatecert=1&withsslcert=1
    body:
      encoding: US-ASCII
      string: ''
    headers:
      X-Request-Id:
      - c28da076-2bdb-4d3b-8a7a-e6e1cf0e1e63
      Accept-Encoding:
      - gzip;q=1.0,deflate;q=0.6,identity;q=0.3
      Accept:
      - "*/*"
      User-Agent:
      - Ruby
  response:
    status:
      code: 200
      message: OK
    headers:
      Content-Type:
      - text/xml
      Cache-Control:
      - no-cache
      Connection:
      - close
      Content-Length:
      - '11'
    body:
      encoding: UTF-8
      string: "<keyinfo/>\n"
  recorded_at: Mon, 22 May 2023 16:03:27 GMT
- request:
    method: get
    uri: http://backend:5352/build/locked_project/_result?view=summary
    body:
      encoding: US-ASCII
      string: ''
    headers:
      X-Request-Id:
      - 75e1a084-f9f4-44ea-87de-bb5ee7cabecd
      Accept-Encoding:
      - gzip;q=1.0,deflate;q=0.6,identity;q=0.3
      Accept:
      - "*/*"
      User-Agent:
      - Ruby
  response:
    status:
      code: 200
      message: OK
    headers:
      Content-Type:
      - text/xml
      Cache-Control:
      - no-cache
      Connection:
      - close
      Content-Length:
      - '55'
    body:
      encoding: UTF-8
      string: '<resultlist state="00000000000000000000000000000000"/>

'
  recorded_at: Mon, 22 May 2023 16:03:27 GMT
- request:
    method: get
    uri: http://backend:5352/build/locked_project/_result?code=unresolvable&view=status
    body:
      encoding: US-ASCII
      string: ''
    headers:
      X-Request-Id:
      - 424be0e3-09ec-4ca2-9a86-0f2f5f1a3142
      Accept-Encoding:
      - gzip;q=1.0,deflate;q=0.6,identity;q=0.3
      Accept:
      - "*/*"
      User-Agent:
      - Ruby
  response:
    status:
      code: 200
      message: OK
    headers:
      Content-Type:
      - text/xml
      Cache-Control:
      - no-cache
      Connection:
      - close
      Content-Length:
      - '55'
    body:
      encoding: UTF-8
      string: '<resultlist state="00000000000000000000000000000000"/>

'
  recorded_at: Mon, 22 May 2023 16:03:27 GMT
- request:
    method: get
    uri: http://backend:5352/build/locked_project/_result?view=summary
    body:
      encoding: US-ASCII
      string: ''
    headers:
      X-Request-Id:
      - ccde6ace-7c96-471e-8663-df1258592616
      Accept-Encoding:
      - gzip;q=1.0,deflate;q=0.6,identity;q=0.3
      Accept:
      - "*/*"
      User-Agent:
      - Ruby
  response:
    status:
      code: 200
      message: OK
    headers:
      Content-Type:
      - text/xml
      Cache-Control:
      - no-cache
      Connection:
      - close
      Content-Length:
      - '55'
    body:
      encoding: UTF-8
      string: '<resultlist state="00000000000000000000000000000000"/>

'
  recorded_at: Mon, 22 May 2023 16:03:27 GMT
- request:
    method: get
    uri: http://backend:5352/build/locked_project/_result?code=unresolvable&view=status
    body:
      encoding: US-ASCII
      string: ''
    headers:
      X-Request-Id:
      - 0eccddcf-c15e-47c3-b31a-f6b4f2455099
      Accept-Encoding:
      - gzip;q=1.0,deflate;q=0.6,identity;q=0.3
      Accept:
      - "*/*"
      User-Agent:
      - Ruby
  response:
    status:
      code: 200
      message: OK
    headers:
      Content-Type:
      - text/xml
      Cache-Control:
      - no-cache
      Connection:
      - close
      Content-Length:
      - '55'
    body:
      encoding: UTF-8
      string: '<resultlist state="00000000000000000000000000000000"/>

'
  recorded_at: Mon, 22 May 2023 16:03:28 GMT
- request:
    method: get
    uri: http://backend:5352/build/locked_project/_result?view=summary
    body:
      encoding: US-ASCII
      string: ''
    headers:
      X-Request-Id:
      - cb8e2d1b-fa05-491c-bc43-6aac114bb0f2
      Accept-Encoding:
      - gzip;q=1.0,deflate;q=0.6,identity;q=0.3
      Accept:
      - "*/*"
      User-Agent:
      - Ruby
  response:
    status:
      code: 200
      message: OK
    headers:
      Content-Type:
      - text/xml
      Cache-Control:
      - no-cache
      Connection:
      - close
      Content-Length:
      - '55'
    body:
      encoding: UTF-8
      string: '<resultlist state="00000000000000000000000000000000"/>

'
  recorded_at: Mon, 22 May 2023 16:03:28 GMT
recorded_with: VCR 6.1.0
